
Microsoft Visual Studio Solution File, Format Version 12.00
# Visual Studio Version 17
VisualStudioVersion = 17.14.36221.1 d17.14
MinimumVisualStudioVersion = 10.0.40219.1
Project("{FAE04EC0-301F-11D3-BF4B-00C04F79EFBC}") = "PokemonReviewAppYenii", "PokemonReviewAppYenii\PokemonReviewAppYenii.csproj", "{4F6FEE47-08E5-4173-8BCD-11EA6EC127CA}"
EndProject
Global
	GlobalSection(SolutionConfigurationPlatforms) = preSolution
		Debug|Any CPU = Debug|Any CPU
		Release|Any CPU = Release|Any CPU
	EndGlobalSection
	GlobalSection(ProjectConfigurationPlatforms) = postSolution
		{4F6FEE47-08E5-4173-8BCD-11EA6EC127CA}.Debug|Any CPU.ActiveCfg = Debug|Any CPU
		{4F6FEE47-08E5-4173-8BCD-11EA6EC127CA}.Debug|Any CPU.Build.0 = Debug|Any CPU
		{4F6FEE47-08E5-4173-8BCD-11EA6EC127CA}.Release|Any CPU.ActiveCfg = Release|Any CPU
		{4F6FEE47-08E5-4173-8BCD-11EA6EC127CA}.Release|Any CPU.Build.0 = Release|Any CPU
	EndGlobalSection
	GlobalSection(SolutionProperties) = preSolution
		HideSolutionNode = FALSE
	EndGlobalSection
	GlobalSection(ExtensibilityGlobals) = postSolution
		SolutionGuid = {E883802E-302D-4730-AA2B-3416E100A1EA}
	EndGlobalSection
EndGlobal
